
Microsoft Visual Studio Solution File, Format Version 12.00
# Visual Studio Version 17
VisualStudioVersion = 17.13.35806.99 d17.13
MinimumVisualStudioVersion = 10.0.40219.1
Project("{FAE04EC0-301F-11D3-BF4B-00C04F79EFBC}") = "proiect Stefan Nicoleta 1065 Hardware", "proiect Stefan Nicoleta 1065 Hardware.csproj", "{ED2DC50A-6AFC-44C3-A348-C97205B86ADB}"
EndProject
Global
	GlobalSection(SolutionConfigurationPlatforms) = preSolution
		Debug|Any CPU = Debug|Any CPU
		Release|Any CPU = Release|Any CPU
	EndGlobalSection
	GlobalSection(ProjectConfigurationPlatforms) = postSolution
		{ED2DC50A-6AFC-44C3-A348-C97205B86ADB}.Debug|Any CPU.ActiveCfg = Debug|Any CPU
		{ED2DC50A-6AFC-44C3-A348-C97205B86ADB}.Debug|Any CPU.Build.0 = Debug|Any CPU
		{ED2DC50A-6AFC-44C3-A348-C97205B86ADB}.Release|Any CPU.ActiveCfg = Release|Any CPU
		{ED2DC50A-6AFC-44C3-A348-C97205B86ADB}.Release|Any CPU.Build.0 = Release|Any CPU
	EndGlobalSection
	GlobalSection(SolutionProperties) = preSolution
		HideSolutionNode = FALSE
	EndGlobalSection
	GlobalSection(ExtensibilityGlobals) = postSolution
		SolutionGuid = {C3530AC2-30AF-4213-B996-2557382FE5EE}
	EndGlobalSection
EndGlobal
